
Microsoft Visual Studio Solution File, Format Version 12.00
# Visual Studio Version 16
VisualStudioVersion = 16.0.29230.47
MinimumVisualStudioVersion = 10.0.40219.1
Project("{FAE04EC0-301F-11D3-BF4B-00C04F79EFBC}") = "burt_StudentApp", "burt_StudentApp\burt_StudentApp.csproj", "{19C32542-9316-4A05-BD33-37632CEE9911}"
EndProject
Global
	GlobalSection(SolutionConfigurationPlatforms) = preSolution
		Debug|Any CPU = Debug|Any CPU
		Release|Any CPU = Release|Any CPU
	EndGlobalSection
	GlobalSection(ProjectConfigurationPlatforms) = postSolution
		{19C32542-9316-4A05-BD33-37632CEE9911}.Debug|Any CPU.ActiveCfg = Debug|Any CPU
		{19C32542-9316-4A05-BD33-37632CEE9911}.Debug|Any CPU.Build.0 = Debug|Any CPU
		{19C32542-9316-4A05-BD33-37632CEE9911}.Release|Any CPU.ActiveCfg = Release|Any CPU
		{19C32542-9316-4A05-BD33-37632CEE9911}.Release|Any CPU.Build.0 = Release|Any CPU
	EndGlobalSection
	GlobalSection(SolutionProperties) = preSolution
		HideSolutionNode = FALSE
	EndGlobalSection
	GlobalSection(ExtensibilityGlobals) = postSolution
		SolutionGuid = {899F3A31-B6E0-4145-9515-A8D164C94BA7}
	EndGlobalSection
EndGlobal
